
Microsoft Visual Studio Solution File, Format Version 12.00
# Visual Studio Version 16
VisualStudioVersion = 16.0.31729.503
MinimumVisualStudioVersion = 10.0.40219.1
Project("{FAE04EC0-301F-11D3-BF4B-00C04F79EFBC}") = "LAB", "LAB\LAB.csproj", "{F1E8F36B-5BD6-41BC-8CB2-36594E32DDCA}"
EndProject
Global
	GlobalSection(SolutionConfigurationPlatforms) = preSolution
		Debug|Any CPU = Debug|Any CPU
		Release|Any CPU = Release|Any CPU
	EndGlobalSection
	GlobalSection(ProjectConfigurationPlatforms) = postSolution
		{F1E8F36B-5BD6-41BC-8CB2-36594E32DDCA}.Debug|Any CPU.ActiveCfg = Debug|Any CPU
		{F1E8F36B-5BD6-41BC-8CB2-36594E32DDCA}.Debug|Any CPU.Build.0 = Debug|Any CPU
		{F1E8F36B-5BD6-41BC-8CB2-36594E32DDCA}.Release|Any CPU.ActiveCfg = Release|Any CPU
		{F1E8F36B-5BD6-41BC-8CB2-36594E32DDCA}.Release|Any CPU.Build.0 = Release|Any CPU
	EndGlobalSection
	GlobalSection(SolutionProperties) = preSolution
		HideSolutionNode = FALSE
	EndGlobalSection
	GlobalSection(ExtensibilityGlobals) = postSolution
		SolutionGuid = {1F88B6B0-E149-4268-A6C5-90B00BFF9AAF}
	EndGlobalSection
EndGlobal
